
Microsoft Visual Studio Solution File, Format Version 12.00
# Visual Studio Version 16
VisualStudioVersion = 16.0.31019.35
MinimumVisualStudioVersion = 10.0.40219.1
Project("{9A19103F-16F7-4668-BE54-9A1E7A4F7556}") = "KampIntro", "KampIntro\KampIntro.csproj", "{FC7A244D-984B-4532-89AE-789757C7F6A7}"
EndProject
Project("{9A19103F-16F7-4668-BE54-9A1E7A4F7556}") = "Donguler", "Donguler\Donguler.csproj", "{4F9C7E3F-AC3E-4B03-B967-4B43A648C0B1}"
EndProject
Project("{9A19103F-16F7-4668-BE54-9A1E7A4F7556}") = "ClassIntro", "ClassIntro\ClassIntro.csproj", "{C538C17E-FC00-4DCA-84C6-137E4F26B6E1}"
EndProject
Project("{9A19103F-16F7-4668-BE54-9A1E7A4F7556}") = "Metotlar", "Metotlar\Metotlar.csproj", "{B34DFCAB-57DA-4AD2-88AB-59C565838AAB}"
EndProject
Project("{FAE04EC0-301F-11D3-BF4B-00C04F79EFBC}") = "DegerVeReferansTipler", "DegerVeReferansTipler\DegerVeReferansTipler.csproj", "{9C0B8FF5-91AA-4B9D-9B6A-DDB89250DCDF}"
EndProject
Global
	GlobalSection(SolutionConfigurationPlatforms) = preSolution
		Debug|Any CPU = Debug|Any CPU
		Release|Any CPU = Release|Any CPU
	EndGlobalSection
	GlobalSection(ProjectConfigurationPlatforms) = postSolution
		{FC7A244D-984B-4532-89AE-789757C7F6A7}.Debug|Any CPU.ActiveCfg = Debug|Any CPU
		{FC7A244D-984B-4532-89AE-789757C7F6A7}.Debug|Any CPU.Build.0 = Debug|Any CPU
		{FC7A244D-984B-4532-89AE-789757C7F6A7}.Release|Any CPU.ActiveCfg = Release|Any CPU
		{FC7A244D-984B-4532-89AE-789757C7F6A7}.Release|Any CPU.Build.0 = Release|Any CPU
		{4F9C7E3F-AC3E-4B03-B967-4B43A648C0B1}.Debug|Any CPU.ActiveCfg = Debug|Any CPU
		{4F9C7E3F-AC3E-4B03-B967-4B43A648C0B1}.Debug|Any CPU.Build.0 = Debug|Any CPU
		{4F9C7E3F-AC3E-4B03-B967-4B43A648C0B1}.Release|Any CPU.ActiveCfg = Release|Any CPU
		{4F9C7E3F-AC3E-4B03-B967-4B43A648C0B1}.Release|Any CPU.Build.0 = Release|Any CPU
		{C538C17E-FC00-4DCA-84C6-137E4F26B6E1}.Debug|Any CPU.ActiveCfg = Debug|Any CPU
		{C538C17E-FC00-4DCA-84C6-137E4F26B6E1}.Debug|Any CPU.Build.0 = Debug|Any CPU
		{C538C17E-FC00-4DCA-84C6-137E4F26B6E1}.Release|Any CPU.ActiveCfg = Release|Any CPU
		{C538C17E-FC00-4DCA-84C6-137E4F26B6E1}.Release|Any CPU.Build.0 = Release|Any CPU
		{B34DFCAB-57DA-4AD2-88AB-59C565838AAB}.Debug|Any CPU.ActiveCfg = Debug|Any CPU
		{B34DFCAB-57DA-4AD2-88AB-59C565838AAB}.Debug|Any CPU.Build.0 = Debug|Any CPU
		{B34DFCAB-57DA-4AD2-88AB-59C565838AAB}.Release|Any CPU.ActiveCfg = Release|Any CPU
		{B34DFCAB-57DA-4AD2-88AB-59C565838AAB}.Release|Any CPU.Build.0 = Release|Any CPU
		{9C0B8FF5-91AA-4B9D-9B6A-DDB89250DCDF}.Debug|Any CPU.ActiveCfg = Debug|Any CPU
		{9C0B8FF5-91AA-4B9D-9B6A-DDB89250DCDF}.Debug|Any CPU.Build.0 = Debug|Any CPU
		{9C0B8FF5-91AA-4B9D-9B6A-DDB89250DCDF}.Release|Any CPU.ActiveCfg = Release|Any CPU
		{9C0B8FF5-91AA-4B9D-9B6A-DDB89250DCDF}.Release|Any CPU.Build.0 = Release|Any CPU
	EndGlobalSection
	GlobalSection(SolutionProperties) = preSolution
		HideSolutionNode = FALSE
	EndGlobalSection
	GlobalSection(ExtensibilityGlobals) = postSolution
		SolutionGuid = {0FC75F8D-04DD-46FB-BE16-B1DF3D92A708}
	EndGlobalSection
EndGlobal
